
Microsoft Visual Studio Solution File, Format Version 12.00
# Visual Studio Version 17
VisualStudioVersion = 17.0.31903.59
MinimumVisualStudioVersion = 10.0.40219.1
Project("{9A19103F-16F7-4668-BE54-9A1E7A4F7556}") = "TravelCapstone.BackEnd.Application", "TravelCapstone.BackEnd.Application\TravelCapstone.BackEnd.Application.csproj", "{4ECDAAFA-1016-4018-A0B0-DDE76421134A}"
EndProject
Project("{9A19103F-16F7-4668-BE54-9A1E7A4F7556}") = "TravelCapstone.BackEnd.Domain", "TravelCapstone.BackEnd.Domain\TravelCapstone.BackEnd.Domain.csproj", "{167DE58E-D956-4D50-89C2-5A338A993300}"
EndProject
Project("{9A19103F-16F7-4668-BE54-9A1E7A4F7556}") = "TravelCapstone.BackEnd.Infrastructure", "TravelCapstone.BackEnd.Infrastructure\TravelCapstone.BackEnd.Infrastructure.csproj", "{8DFB043B-73DF-438A-9B1A-71500AAF14A4}"
EndProject
Project("{9A19103F-16F7-4668-BE54-9A1E7A4F7556}") = "TravelCapstone.BackEnd.API", "TravelCapstone.BackEnd.API\TravelCapstone.BackEnd.API.csproj", "{483CDD4E-FDDD-41D7-A822-64EF2D808D10}"
EndProject
Project("{9A19103F-16F7-4668-BE54-9A1E7A4F7556}") = "TravelCapstone.BackEnd.Common", "TravelCapstone.BackEnd.Common\TravelCapstone.BackEnd.Common.csproj", "{C8747384-C14B-49C0-BF86-5B5C59123E84}"
EndProject
Project("{E53339B2-1760-4266-BCC7-CA923CBCF16C}") = "docker-compose", "docker-compose.dcproj", "{891B522C-8600-4289-AA7D-0A16B8E8B1AC}"
EndProject
Project("{FAE04EC0-301F-11D3-BF4B-00C04F79EFBC}") = "Test", "Test\Test.csproj", "{2BF3ED3D-AA8B-4493-B689-E530C1693CE3}"
EndProject
Global
	GlobalSection(SolutionConfigurationPlatforms) = preSolution
		Debug|Any CPU = Debug|Any CPU
		Release|Any CPU = Release|Any CPU
	EndGlobalSection
	GlobalSection(ProjectConfigurationPlatforms) = postSolution
		{4ECDAAFA-1016-4018-A0B0-DDE76421134A}.Debug|Any CPU.ActiveCfg = Debug|Any CPU
		{4ECDAAFA-1016-4018-A0B0-DDE76421134A}.Debug|Any CPU.Build.0 = Debug|Any CPU
		{4ECDAAFA-1016-4018-A0B0-DDE76421134A}.Release|Any CPU.ActiveCfg = Release|Any CPU
		{4ECDAAFA-1016-4018-A0B0-DDE76421134A}.Release|Any CPU.Build.0 = Release|Any CPU
		{167DE58E-D956-4D50-89C2-5A338A993300}.Debug|Any CPU.ActiveCfg = Debug|Any CPU
		{167DE58E-D956-4D50-89C2-5A338A993300}.Debug|Any CPU.Build.0 = Debug|Any CPU
		{167DE58E-D956-4D50-89C2-5A338A993300}.Release|Any CPU.ActiveCfg = Release|Any CPU
		{167DE58E-D956-4D50-89C2-5A338A993300}.Release|Any CPU.Build.0 = Release|Any CPU
		{8DFB043B-73DF-438A-9B1A-71500AAF14A4}.Debug|Any CPU.ActiveCfg = Debug|Any CPU
		{8DFB043B-73DF-438A-9B1A-71500AAF14A4}.Debug|Any CPU.Build.0 = Debug|Any CPU
		{8DFB043B-73DF-438A-9B1A-71500AAF14A4}.Release|Any CPU.ActiveCfg = Release|Any CPU
		{8DFB043B-73DF-438A-9B1A-71500AAF14A4}.Release|Any CPU.Build.0 = Release|Any CPU
		{483CDD4E-FDDD-41D7-A822-64EF2D808D10}.Debug|Any CPU.ActiveCfg = Debug|Any CPU
		{483CDD4E-FDDD-41D7-A822-64EF2D808D10}.Debug|Any CPU.Build.0 = Debug|Any CPU
		{483CDD4E-FDDD-41D7-A822-64EF2D808D10}.Release|Any CPU.ActiveCfg = Release|Any CPU
		{483CDD4E-FDDD-41D7-A822-64EF2D808D10}.Release|Any CPU.Build.0 = Release|Any CPU
		{C8747384-C14B-49C0-BF86-5B5C59123E84}.Debug|Any CPU.ActiveCfg = Debug|Any CPU
		{C8747384-C14B-49C0-BF86-5B5C59123E84}.Debug|Any CPU.Build.0 = Debug|Any CPU
		{C8747384-C14B-49C0-BF86-5B5C59123E84}.Release|Any CPU.ActiveCfg = Release|Any CPU
		{C8747384-C14B-49C0-BF86-5B5C59123E84}.Release|Any CPU.Build.0 = Release|Any CPU
		{891B522C-8600-4289-AA7D-0A16B8E8B1AC}.Debug|Any CPU.ActiveCfg = Debug|Any CPU
		{891B522C-8600-4289-AA7D-0A16B8E8B1AC}.Debug|Any CPU.Build.0 = Debug|Any CPU
		{891B522C-8600-4289-AA7D-0A16B8E8B1AC}.Release|Any CPU.ActiveCfg = Release|Any CPU
		{891B522C-8600-4289-AA7D-0A16B8E8B1AC}.Release|Any CPU.Build.0 = Release|Any CPU
		{2BF3ED3D-AA8B-4493-B689-E530C1693CE3}.Debug|Any CPU.ActiveCfg = Debug|Any CPU
		{2BF3ED3D-AA8B-4493-B689-E530C1693CE3}.Debug|Any CPU.Build.0 = Debug|Any CPU
		{2BF3ED3D-AA8B-4493-B689-E530C1693CE3}.Release|Any CPU.ActiveCfg = Release|Any CPU
		{2BF3ED3D-AA8B-4493-B689-E530C1693CE3}.Release|Any CPU.Build.0 = Release|Any CPU
	EndGlobalSection
	GlobalSection(SolutionProperties) = preSolution
		HideSolutionNode = FALSE
	EndGlobalSection
	GlobalSection(ExtensibilityGlobals) = postSolution
		SolutionGuid = {3CB609D9-5D54-4C11-A371-DAAC8B74E430}
	EndGlobalSection
EndGlobal
